// !$*UTF8*$!
{
	archiveVersion = 1;
	classes = {
	};
	objectVersion = 46;
	objects = {

/* Begin PBXBuildFile section */
		68CD0FA91F21CB4100C1618D /* AppDelegate.swift in Sources */ = {isa = PBXBuildFile; fileRef = 68CD0FA81F21CB4100C1618D /* AppDelegate.swift */; };
		68CD0FAE1F21CB4100C1618D /* Main.storyboard in Resources */ = {isa = PBXBuildFile; fileRef = 68CD0FAC1F21CB4100C1618D /* Main.storyboard */; };
		68CD0FB01F21CB4100C1618D /* Assets.xcassets in Resources */ = {isa = PBXBuildFile; fileRef = 68CD0FAF1F21CB4100C1618D /* Assets.xcassets */; };
		68CD0FB31F21CB4100C1618D /* LaunchScreen.storyboard in Resources */ = {isa = PBXBuildFile; fileRef = 68CD0FB11F21CB4100C1618D /* LaunchScreen.storyboard */; };
		68CD0FBE1F21CB8700C1618D /* HomeViewController.swift in Sources */ = {isa = PBXBuildFile; fileRef = 68CD0FBD1F21CB8700C1618D /* HomeViewController.swift */; };
		68CD0FC01F21CBF400C1618D /* Interest.swift in Sources */ = {isa = PBXBuildFile; fileRef = 68CD0FBF1F21CBF400C1618D /* Interest.swift */; };
		68CD0FC21F21CC2F00C1618D /* InterestCollectionViewCell.swift in Sources */ = {isa = PBXBuildFile; fileRef = 68CD0FC11F21CC2F00C1618D /* InterestCollectionViewCell.swift */; };
/* End PBXBuildFile section */

/* Begin PBXFileReference section */
		68CD0FA51F21CB4000C1618D /* Interests.app */ = {isa = PBXFileReference; explicitFileType = wrapper.application; includeInIndex = 0; path = Interests.app; sourceTree = BUILT_PRODUCTS_DIR; };
		68CD0FA81F21CB4100C1618D /* AppDelegate.swift */ = {isa = PBXFileReference; lastKnownFileType = sourcecode.swift; path = AppDelegate.swift; sourceTree = "<group>"; };
		68CD0FAD1F21CB4100C1618D /* Base */ = {isa = PBXFileReference; lastKnownFileType = file.storyboard; name = Base; path = Base.lproj/Main.storyboard; sourceTree = "<group>"; };
		68CD0FAF1F21CB4100C1618D /* Assets.xcassets */ = {isa = PBXFileReference; lastKnownFileType = folder.assetcatalog; path = Assets.xcassets; sourceTree = "<group>"; };
		68CD0FB21F21CB4100C1618D /* Base */ = {isa = PBXFileReference; lastKnownFileType = file.storyboard; name = Base; path = Base.lproj/LaunchScreen.storyboard; sourceTree = "<group>"; };
		68CD0FB41F21CB4100C1618D /* Info.plist */ = {isa = PBXFileReference; lastKnownFileType = text.plist.xml; path = Info.plist; sourceTree = "<group>"; };
		68CD0FBD1F21CB8700C1618D /* HomeViewController.swift */ = {isa = PBXFileReference; fileEncoding = 4; lastKnownFileType = sourcecode.swift; path = HomeViewController.swift; sourceTree = "<group>"; };
		68CD0FBF1F21CBF400C1618D /* Interest.swift */ = {isa = PBXFileReference; fileEncoding = 4; lastKnownFileType = sourcecode.swift; path = Interest.swift; sourceTree = "<group>"; };
		68CD0FC11F21CC2F00C1618D /* InterestCollectionViewCell.swift */ = {isa = PBXFileReference; fileEncoding = 4; lastKnownFileType = sourcecode.swift; path = InterestCollectionViewCell.swift; sourceTree = "<group>"; };
/* End PBXFileReference section */

/* Begin PBXFrameworksBuildPhase section */
		68CD0FA21F21CB4000C1618D /* Frameworks */ = {
			isa = PBXFrameworksBuildPhase;
			buildActionMask = 2147483647;
			files = (
			);
			runOnlyForDeploymentPostprocessing = 0;
		};
/* End PBXFrameworksBuildPhase section */

/* Begin PBXGroup section */
		68CD0F9C1F21CB4000C1618D = {
			isa = PBXGroup;
			children = (
				68CD0FA71F21CB4000C1618D /* Interests */,
				68CD0FA61F21CB4000C1618D /* Products */,
			);
			sourceTree = "<group>";
		};
		68CD0FA61F21CB4000C1618D /* Products */ = {
			isa = PBXGroup;
			children = (
				68CD0FA51F21CB4000C1618D /* Interests.app */,
			);
			name = Products;
			sourceTree = "<group>";
		};
		68CD0FA71F21CB4000C1618D /* Interests */ = {
			isa = PBXGroup;
			children = (
				68CD0FBC1F21CB5B00C1618D /* Controller */,
				68CD0FBB1F21CB5100C1618D /* Model */,
				68CD0FBA1F21CB4C00C1618D /* View */,
				68CD0FA81F21CB4100C1618D /* AppDelegate.swift */,
				68CD0FAC1F21CB4100C1618D /* Main.storyboard */,
				68CD0FAF1F21CB4100C1618D /* Assets.xcassets */,
				68CD0FB11F21CB4100C1618D /* LaunchScreen.storyboard */,
				68CD0FB41F21CB4100C1618D /* Info.plist */,
			);
			path = Interests;
			sourceTree = "<group>";
		};
		68CD0FBA1F21CB4C00C1618D /* View */ = {
			isa = PBXGroup;
			children = (
				68CD0FC11F21CC2F00C1618D /* InterestCollectionViewCell.swift */,
			);
			name = View;
			sourceTree = "<group>";
		};
		68CD0FBB1F21CB5100C1618D /* Model */ = {
			isa = PBXGroup;
			children = (
				68CD0FBF1F21CBF400C1618D /* Interest.swift */,
			);
			name = Model;
			sourceTree = "<group>";
		};
		68CD0FBC1F21CB5B00C1618D /* Controller */ = {
			isa = PBXGroup;
			children = (
				68CD0FBD1F21CB8700C1618D /* HomeViewController.swift */,
			);
			name = Controller;
			sourceTree = "<group>";
		};
/* End PBXGroup section */

/* Begin PBXNativeTarget section */
		68CD0FA41F21CB4000C1618D /* Interests */ = {
			isa = PBXNativeTarget;
			buildConfigurationList = 68CD0FB71F21CB4100C1618D /* Build configuration list for PBXNativeTarget "Interests" */;
			buildPhases = (
				68CD0FA11F21CB4000C1618D /* Sources */,
				68CD0FA21F21CB4000C1618D /* Frameworks */,
				68CD0FA31F21CB4000C1618D /* Resources */,
			);
			buildRules = (
			);
			dependencies = (
			);
			name = Interests;
			productName = Interests;
			productReference = 68CD0FA51F21CB4000C1618D /* Interests.app */;
			productType = "com.apple.product-type.application";
		};
/* End PBXNativeTarget section */

/* Begin PBXProject section */
		68CD0F9D1F21CB4000C1618D /* Project object */ = {
			isa = PBXProject;
			attributes = {
				LastSwiftUpdateCheck = 0830;
				LastUpgradeCheck = 0830;
				ORGANIZATIONNAME = "嵇明新";
				TargetAttributes = {
					68CD0FA41F21CB4000C1618D = {
						CreatedOnToolsVersion = 8.3.3;
						DevelopmentTeam = MFPZRH5653;
						ProvisioningStyle = Automatic;
					};
				};
			};
			buildConfigurationList = 68CD0FA01F21CB4000C1618D /* Build configuration list for PBXProject "Interests" */;
			compatibilityVersion = "Xcode 3.2";
			developmentRegion = English;
			hasScannedForEncodings = 0;
			knownRegions = (
				en,
				Base,
			);
			mainGroup = 68CD0F9C1F21CB4000C1618D;
			productRefGroup = 68CD0FA61F21CB4000C1618D /* Products */;
			projectDirPath = "";
			projectRoot = "";
			targets = (
				68CD0FA41F21CB4000C1618D /* Interests */,
			);
		};
/* End PBXProject section */

/* Begin PBXResourcesBuildPhase section */
		68CD0FA31F21CB4000C1618D /* Resources */ = {
			isa = PBXResourcesBuildPhase;
			buildActionMask = 2147483647;
			files = (
				68CD0FB31F21CB4100C1618D /* LaunchScreen.storyboard in Resources */,
				68CD0FB01F21CB4100C1618D /* Assets.xcassets in Resources */,
				68CD0FAE1F21CB4100C1618D /* Main.storyboard in Resources */,
			);
			runOnlyForDeploymentPostprocessing = 0;
		};
/* End PBXResourcesBuildPhase section */

/* Begin PBXSourcesBuildPhase section */
		68CD0FA11F21CB4000C1618D /* Sources */ = {
			isa = PBXSourcesBuildPhase;
			buildActionMask = 2147483647;
			files = (
				68CD0FC21F21CC2F00C1618D /* InterestCollectionViewCell.swift in Sources */,
				68CD0FC01F21CBF400C1618D /* Interest.swift in Sources */,
				68CD0FA91F21CB4100C1618D /* AppDelegate.swift in Sources */,
				68CD0FBE1F21CB8700C1618D /* HomeViewController.swift in Sources */,
			);
			runOnlyForDeploymentPostprocessing = 0;
		};
/* End PBXSourcesBuildPhase section */

/* Begin PBXVariantGroup section */
		68CD0FAC1F21CB4100C1618D /* Main.storyboard */ = {
			isa = PBXVariantGroup;
			children = (
				68CD0FAD1F21CB4100C1618D /* Base */,
			);
			name = Main.storyboard;
			sourceTree = "<group>";
		};
		68CD0FB11F21CB4100C1618D /* LaunchScreen.storyboard */ = {
			isa = PBXVariantGroup;
			children = (
				68CD0FB21F21CB4100C1618D /* Base */,
			);
			name = LaunchScreen.storyboard;
			sourceTree = "<group>";
		};
/* End PBXVariantGroup section */

/* Begin XCBuildConfiguration section */
		68CD0FB51F21CB4100C1618D /* Debug */ = {
			isa = XCBuildConfiguration;
			buildSettings = {
				ALWAYS_SEARCH_USER_PATHS = NO;
				CLANG_ANALYZER_NONNULL = YES;
				CLANG_ANALYZER_NUMBER_OBJECT_CONVERSION = YES_AGGRESSIVE;
				CLANG_CXX_LANGUAGE_STANDARD = "gnu++0x";
				CLANG_CXX_LIBRARY = "libc++";
				CLANG_ENABLE_MODULES = YES;
				CLANG_ENABLE_OBJC_ARC = YES;
				CLANG_WARN_BOOL_CONVERSION = YES;
				CLANG_WARN_CONSTANT_CONVERSION = YES;
				CLANG_WARN_DIRECT_OBJC_ISA_USAGE = YES_ERROR;
				CLANG_WARN_DOCUMENTATION_COMMENTS = YES;
				CLANG_WARN_EMPTY_BODY = YES;
				CLANG_WARN_ENUM_CONVERSION = YES;
				CLANG_WARN_INFINITE_RECURSION = YES;
				CLANG_WARN_INT_CONVERSION = YES;
				CLANG_WARN_OBJC_ROOT_CLASS = YES_ERROR;
				CLANG_WARN_SUSPICIOUS_MOVE = YES;
				CLANG_WARN_UNREACHABLE_CODE = YES;
				CLANG_WARN__DUPLICATE_METHOD_MATCH = YES;
				"CODE_SIGN_IDENTITY[sdk=iphoneos*]" = "iPhone Developer";
				COPY_PHASE_STRIP = NO;
				DEBUG_INFORMATION_FORMAT = dwarf;
				ENABLE_STRICT_OBJC_MSGSEND = YES;
				ENABLE_TESTABILITY = YES;
				GCC_C_LANGUAGE_STANDARD = gnu99;
				GCC_DYNAMIC_NO_PIC = NO;
				GCC_NO_COMMON_BLOCKS = YES;
				GCC_OPTIMIZATION_LEVEL = 0;
				GCC_PREPROCESSOR_DEFINITIONS = (
					"DEBUG=1",
					"$(inherited)",
				);
				GCC_WARN_64_TO_32_BIT_CONVERSION = YES;
				GCC_WARN_ABOUT_RETURN_TYPE = YES_ERROR;
				GCC_WARN_UNDECLARED_SELECTOR = YES;
				GCC_WARN_UNINITIALIZED_AUTOS = YES_AGGRESSIVE;
				GCC_WARN_UNUSED_FUNCTION = YES;
				GCC_WARN_UNUSED_VARIABLE = YES;
				IPHONEOS_DEPLOYMENT_TARGET = 10.3;
				MTL_ENABLE_DEBUG_INFO = YES;
				ONLY_ACTIVE_ARCH = YES;
				SDKROOT = iphoneos;
				SWIFT_ACTIVE_COMPILATION_CONDITIONS = DEBUG;
				SWIFT_OPTIMIZATION_LEVEL = "-Onone";
				TARGETED_DEVICE_FAMILY = "1,2";
			};
			name = Debug;
		};
		68CD0FB61F21CB4100C1618D /* Release */ = {
			isa = XCBuildConfiguration;
			buildSettings = {
				ALWAYS_SEARCH_USER_PATHS = NO;
				CLANG_ANALYZER_NONNULL = YES;
				CLANG_ANALYZER_NUMBER_OBJECT_CONVERSION = YES_AGGRESSIVE;
				CLANG_CXX_LANGUAGE_STANDARD = "gnu++0x";
				CLANG_CXX_LIBRARY = "libc++";
				CLANG_ENABLE_MODULES = YES;
				CLANG_ENABLE_OBJC_ARC = YES;
				CLANG_WARN_BOOL_CONVERSION = YES;
				CLANG_WARN_CONSTANT_CONVERSION = YES;
				CLANG_WARN_DIRECT_OBJC_ISA_USAGE = YES_ERROR;
				CLANG_WARN_DOCUMENTATION_COMMENTS = YES;
				CLANG_WARN_EMPTY_BODY = YES;
				CLANG_WARN_ENUM_CONVERSION = YES;
				CLANG_WARN_INFINITE_RECURSION = YES;
				CLANG_WARN_INT_CONVERSION = YES;
				CLANG_WARN_OBJC_ROOT_CLASS = YES_ERROR;
				CLANG_WARN_SUSPICIOUS_MOVE = YES;
				CLANG_WARN_UNREACHABLE_CODE = YES;
				CLANG_WARN__DUPLICATE_METHOD_MATCH = YES;
				"CODE_SIGN_IDENTITY[sdk=iphoneos*]" = "iPhone Developer";
				COPY_PHASE_STRIP = NO;
				DEBUG_INFORMATION_FORMAT = "dwarf-with-dsym";
				ENABLE_NS_ASSERTIONS = NO;
				ENABLE_STRICT_OBJC_MSGSEND = YES;
				GCC_C_LANGUAGE_STANDARD = gnu99;
				GCC_NO_COMMON_BLOCKS = YES;
				GCC_WARN_64_TO_32_BIT_CONVERSION = YES;
				GCC_WARN_ABOUT_RETURN_TYPE = YES_ERROR;
				GCC_WARN_UNDECLARED_SELECTOR = YES;
				GCC_WARN_UNINITIALIZED_AUTOS = YES_AGGRESSIVE;
				GCC_WARN_UNUSED_FUNCTION = YES;
				GCC_WARN_UNUSED_VARIABLE = YES;
				IPHONEOS_DEPLOYMENT_TARGET = 10.3;
				MTL_ENABLE_DEBUG_INFO = NO;
				SDKROOT = iphoneos;
				SWIFT_OPTIMIZATION_LEVEL = "-Owholemodule";
				TARGETED_DEVICE_FAMILY = "1,2";
				VALIDATE_PRODUCT = YES;
			};
			name = Release;
		};
		68CD0FB81F21CB4100C1618D /* Debug */ = {
			isa = XCBuildConfiguration;
			buildSettings = {
				ASSETCATALOG_COMPILER_APPICON_NAME = AppIcon;
				DEVELOPMENT_TEAM = MFPZRH5653;
				INFOPLIST_FILE = Interests/Info.plist;
				LD_RUNPATH_SEARCH_PATHS = "$(inherited) @executable_path/Frameworks";
				PRODUCT_BUNDLE_IDENTIFIER = com.jmx.Interests;
				PRODUCT_NAME = "$(TARGET_NAME)";
				SWIFT_VERSION = 3.0;
			};
			name = Debug;
		};
		68CD0FB91F21CB4100C1618D /* Release */ = {
			isa = XCBuildConfiguration;
			buildSettings = {
				ASSETCATALOG_COMPILER_APPICON_NAME = AppIcon;
				DEVELOPMENT_TEAM = MFPZRH5653;
				INFOPLIST_FILE = Interests/Info.plist;
				LD_RUNPATH_SEARCH_PATHS = "$(inherited) @executable_path/Frameworks";
				PRODUCT_BUNDLE_IDENTIFIER = com.jmx.Interests;
				PRODUCT_NAME = "$(TARGET_NAME)";
				SWIFT_VERSION = 3.0;
			};
			name = Release;
		};
/* End XCBuildConfiguration section */

/* Begin XCConfigurationList section */
		68CD0FA01F21CB4000C1618D /* Build configuration list for PBXProject "Interests" */ = {
			isa = XCConfigurationList;
			buildConfigurations = (
				68CD0FB51F21CB4100C1618D /* Debug */,
				68CD0FB61F21CB4100C1618D /* Release */,
			);
			defaultConfigurationIsVisible = 0;
			defaultConfigurationName = Release;
		};
		68CD0FB71F21CB4100C1618D /* Build configuration list for PBXNativeTarget "Interests" */ = {
			isa = XCConfigurationList;
			buildConfigurations = (
				68CD0FB81F21CB4100C1618D /* Debug */,
				68CD0FB91F21CB4100C1618D /* Release */,
			);
			defaultConfigurationIsVisible = 0;
		};
/* End XCConfigurationList section */
	};
	rootObject = 68CD0F9D1F21CB4000C1618D /* Project object */;
}
